// !$*UTF8*$!
{
	archiveVersion = 1;
	classes = {
	};
	objectVersion = 56;
	objects = {

/* Begin PBXBuildFile section */
		BB0001000000000000000001 /* GameModeApp.swift in Sources */ = {isa = PBXBuildFile; fileRef = BB0002000000000000000001 /* GameModeApp.swift */; };
		BB0001000000000000000002 /* AppDelegate.swift in Sources */ = {isa = PBXBuildFile; fileRef = BB0002000000000000000002 /* AppDelegate.swift */; };
		BB0001000000000000000003 /* AppMonitor.swift in Sources */ = {isa = PBXBuildFile; fileRef = BB0002000000000000000003 /* AppMonitor.swift */; };
		BB0001000000000000000004 /* AppDetector.swift in Sources */ = {isa = PBXBuildFile; fileRef = BB0002000000000000000004 /* AppDetector.swift */; };
		BB0001000000000000000005 /* SettingsManager.swift in Sources */ = {isa = PBXBuildFile; fileRef = BB0002000000000000000005 /* SettingsManager.swift */; };
		BB0001000000000000000006 /* ConfigStore.swift in Sources */ = {isa = PBXBuildFile; fileRef = BB0002000000000000000006 /* ConfigStore.swift */; };
		BB0001000000000000000007 /* StateJournal.swift in Sources */ = {isa = PBXBuildFile; fileRef = BB0002000000000000000007 /* StateJournal.swift */; };
		BB0001000000000000000008 /* GameModeConfig.swift in Sources */ = {isa = PBXBuildFile; fileRef = BB0002000000000000000008 /* GameModeConfig.swift */; };
		BB0001000000000000000009 /* MonitoredApp.swift in Sources */ = {isa = PBXBuildFile; fileRef = BB0002000000000000000009 /* MonitoredApp.swift */; };
		BB000100000000000000000A /* ShortcutEntry.swift in Sources */ = {isa = PBXBuildFile; fileRef = BB000200000000000000000A /* ShortcutEntry.swift */; };
		BB000100000000000000000B /* SymbolicHotkeys.swift in Sources */ = {isa = PBXBuildFile; fileRef = BB000200000000000000000B /* SymbolicHotkeys.swift */; };
		BB000100000000000000000C /* SettingsWindow.swift in Sources */ = {isa = PBXBuildFile; fileRef = BB000200000000000000000C /* SettingsWindow.swift */; };
		BB000100000000000000000D /* ShortcutsSettingsView.swift in Sources */ = {isa = PBXBuildFile; fileRef = BB000200000000000000000D /* ShortcutsSettingsView.swift */; };
		BB000100000000000000000E /* AppsSettingsView.swift in Sources */ = {isa = PBXBuildFile; fileRef = BB000200000000000000000E /* AppsSettingsView.swift */; };
		BB000100000000000000000F /* AppPickerSheet.swift in Sources */ = {isa = PBXBuildFile; fileRef = BB000200000000000000000F /* AppPickerSheet.swift */; };
		BB0001000000000000000010 /* MouseSettingsView.swift in Sources */ = {isa = PBXBuildFile; fileRef = BB0002000000000000000010 /* MouseSettingsView.swift */; };
		BB0001000000000000000011 /* SystemSettingsView.swift in Sources */ = {isa = PBXBuildFile; fileRef = BB0002000000000000000011 /* SystemSettingsView.swift */; };
		BB0001000000000000000015 /* GestureEntry.swift in Sources */ = {isa = PBXBuildFile; fileRef = BB0002000000000000000015 /* GestureEntry.swift */; };
		BB0001000000000000000016 /* AppHotkey.swift in Sources */ = {isa = PBXBuildFile; fileRef = BB0002000000000000000016 /* AppHotkey.swift */; };
		BB0001000000000000000017 /* KeyCodeMap.swift in Sources */ = {isa = PBXBuildFile; fileRef = BB0002000000000000000017 /* KeyCodeMap.swift */; };
		BB0001000000000000000018 /* HotkeyManager.swift in Sources */ = {isa = PBXBuildFile; fileRef = BB0002000000000000000018 /* HotkeyManager.swift */; };
		BB0001000000000000000019 /* ShortcutRecorderView.swift in Sources */ = {isa = PBXBuildFile; fileRef = BB0002000000000000000019 /* ShortcutRecorderView.swift */; };
		BB000100000000000000001A /* HotkeysSettingsView.swift in Sources */ = {isa = PBXBuildFile; fileRef = BB000200000000000000001A /* HotkeysSettingsView.swift */; };
		BB000100000000000000001B /* GeneralSettingsView.swift in Sources */ = {isa = PBXBuildFile; fileRef = BB000200000000000000001B /* GeneralSettingsView.swift */; };
		BB000100000000000000001C /* AboutView.swift in Sources */ = {isa = PBXBuildFile; fileRef = BB000200000000000000001C /* AboutView.swift */; };
		BB000100000000000000001D /* Sparkle in Frameworks */ = {isa = PBXBuildFile; productRef = BB000200000000000000001D /* Sparkle */; };
/* End PBXBuildFile section */

/* Begin PBXFileReference section */
		BB0002000000000000000001 /* GameModeApp.swift */ = {isa = PBXFileReference; lastKnownFileType = sourcecode.swift; path = GameModeApp.swift; sourceTree = "<group>"; };
		BB0002000000000000000002 /* AppDelegate.swift */ = {isa = PBXFileReference; lastKnownFileType = sourcecode.swift; path = AppDelegate.swift; sourceTree = "<group>"; };
		BB0002000000000000000003 /* AppMonitor.swift */ = {isa = PBXFileReference; lastKnownFileType = sourcecode.swift; path = AppMonitor.swift; sourceTree = "<group>"; };
		BB0002000000000000000004 /* AppDetector.swift */ = {isa = PBXFileReference; lastKnownFileType = sourcecode.swift; path = AppDetector.swift; sourceTree = "<group>"; };
		BB0002000000000000000005 /* SettingsManager.swift */ = {isa = PBXFileReference; lastKnownFileType = sourcecode.swift; path = SettingsManager.swift; sourceTree = "<group>"; };
		BB0002000000000000000006 /* ConfigStore.swift */ = {isa = PBXFileReference; lastKnownFileType = sourcecode.swift; path = ConfigStore.swift; sourceTree = "<group>"; };
		BB0002000000000000000007 /* StateJournal.swift */ = {isa = PBXFileReference; lastKnownFileType = sourcecode.swift; path = StateJournal.swift; sourceTree = "<group>"; };
		BB0002000000000000000008 /* GameModeConfig.swift */ = {isa = PBXFileReference; lastKnownFileType = sourcecode.swift; path = GameModeConfig.swift; sourceTree = "<group>"; };
		BB0002000000000000000009 /* MonitoredApp.swift */ = {isa = PBXFileReference; lastKnownFileType = sourcecode.swift; path = MonitoredApp.swift; sourceTree = "<group>"; };
		BB000200000000000000000A /* ShortcutEntry.swift */ = {isa = PBXFileReference; lastKnownFileType = sourcecode.swift; path = ShortcutEntry.swift; sourceTree = "<group>"; };
		BB000200000000000000000B /* SymbolicHotkeys.swift */ = {isa = PBXFileReference; lastKnownFileType = sourcecode.swift; path = SymbolicHotkeys.swift; sourceTree = "<group>"; };
		BB000200000000000000000C /* SettingsWindow.swift */ = {isa = PBXFileReference; lastKnownFileType = sourcecode.swift; path = SettingsWindow.swift; sourceTree = "<group>"; };
		BB000200000000000000000D /* ShortcutsSettingsView.swift */ = {isa = PBXFileReference; lastKnownFileType = sourcecode.swift; path = ShortcutsSettingsView.swift; sourceTree = "<group>"; };
		BB000200000000000000000E /* AppsSettingsView.swift */ = {isa = PBXFileReference; lastKnownFileType = sourcecode.swift; path = AppsSettingsView.swift; sourceTree = "<group>"; };
		BB000200000000000000000F /* AppPickerSheet.swift */ = {isa = PBXFileReference; lastKnownFileType = sourcecode.swift; path = AppPickerSheet.swift; sourceTree = "<group>"; };
		BB0002000000000000000010 /* MouseSettingsView.swift */ = {isa = PBXFileReference; lastKnownFileType = sourcecode.swift; path = MouseSettingsView.swift; sourceTree = "<group>"; };
		BB0002000000000000000011 /* SystemSettingsView.swift */ = {isa = PBXFileReference; lastKnownFileType = sourcecode.swift; path = SystemSettingsView.swift; sourceTree = "<group>"; };
		BB0002000000000000000012 /* Info.plist */ = {isa = PBXFileReference; lastKnownFileType = text.plist.xml; path = Info.plist; sourceTree = "<group>"; };
		BB0002000000000000000013 /* GameMode.entitlements */ = {isa = PBXFileReference; lastKnownFileType = text.plist.entitlements; path = GameMode.entitlements; sourceTree = "<group>"; };
		BB0002000000000000000014 /* GameMode.app */ = {isa = PBXFileReference; explicitFileType = wrapper.application; includeInIndex = 0; path = GameMode.app; sourceTree = BUILT_PRODUCTS_DIR; };
		BB0002000000000000000015 /* GestureEntry.swift */ = {isa = PBXFileReference; lastKnownFileType = sourcecode.swift; path = GestureEntry.swift; sourceTree = "<group>"; };
		BB0002000000000000000016 /* AppHotkey.swift */ = {isa = PBXFileReference; lastKnownFileType = sourcecode.swift; path = AppHotkey.swift; sourceTree = "<group>"; };
		BB0002000000000000000017 /* KeyCodeMap.swift */ = {isa = PBXFileReference; lastKnownFileType = sourcecode.swift; path = KeyCodeMap.swift; sourceTree = "<group>"; };
		BB0002000000000000000018 /* HotkeyManager.swift */ = {isa = PBXFileReference; lastKnownFileType = sourcecode.swift; path = HotkeyManager.swift; sourceTree = "<group>"; };
		BB0002000000000000000019 /* ShortcutRecorderView.swift */ = {isa = PBXFileReference; lastKnownFileType = sourcecode.swift; path = ShortcutRecorderView.swift; sourceTree = "<group>"; };
		BB000200000000000000001A /* HotkeysSettingsView.swift */ = {isa = PBXFileReference; lastKnownFileType = sourcecode.swift; path = HotkeysSettingsView.swift; sourceTree = "<group>"; };
		BB000200000000000000001B /* GeneralSettingsView.swift */ = {isa = PBXFileReference; lastKnownFileType = sourcecode.swift; path = GeneralSettingsView.swift; sourceTree = "<group>"; };
		BB000200000000000000001C /* AboutView.swift */ = {isa = PBXFileReference; lastKnownFileType = sourcecode.swift; path = AboutView.swift; sourceTree = "<group>"; };
/* End PBXFileReference section */

/* Begin PBXFrameworksBuildPhase section */
		BB0003000000000000000001 /* Frameworks */ = {
			isa = PBXFrameworksBuildPhase;
			buildActionMask = 2147483647;
			files = (
				BB000100000000000000001D /* Sparkle in Frameworks */,
			);
			runOnlyForDeploymentPostprocessing = 0;
		};
/* End PBXFrameworksBuildPhase section */

/* Begin PBXGroup section */
		BB0004000000000000000001 = {
			isa = PBXGroup;
			children = (
				BB0004000000000000000002 /* GameMode */,
				BB0004000000000000000003 /* Products */,
			);
			sourceTree = "<group>";
		};
		BB0004000000000000000002 /* GameMode */ = {
			isa = PBXGroup;
			children = (
				BB0004000000000000000004 /* App */,
				BB0004000000000000000005 /* Core */,
				BB0004000000000000000006 /* Models */,
				BB0004000000000000000007 /* Views */,
				BB0002000000000000000012 /* Info.plist */,
				BB0002000000000000000013 /* GameMode.entitlements */,
			);
			path = GameMode;
			sourceTree = "<group>";
		};
		BB0004000000000000000003 /* Products */ = {
			isa = PBXGroup;
			children = (
				BB0002000000000000000014 /* GameMode.app */,
			);
			name = Products;
			sourceTree = "<group>";
		};
		BB0004000000000000000004 /* App */ = {
			isa = PBXGroup;
			children = (
				BB0002000000000000000001 /* GameModeApp.swift */,
				BB0002000000000000000002 /* AppDelegate.swift */,
			);
			path = App;
			sourceTree = "<group>";
		};
		BB0004000000000000000005 /* Core */ = {
			isa = PBXGroup;
			children = (
				BB0002000000000000000003 /* AppMonitor.swift */,
				BB0002000000000000000004 /* AppDetector.swift */,
				BB0002000000000000000005 /* SettingsManager.swift */,
				BB0002000000000000000006 /* ConfigStore.swift */,
				BB0002000000000000000007 /* StateJournal.swift */,
				BB0002000000000000000018 /* HotkeyManager.swift */,
			);
			path = Core;
			sourceTree = "<group>";
		};
		BB0004000000000000000006 /* Models */ = {
			isa = PBXGroup;
			children = (
				BB0002000000000000000008 /* GameModeConfig.swift */,
				BB0002000000000000000009 /* MonitoredApp.swift */,
				BB000200000000000000000A /* ShortcutEntry.swift */,
				BB000200000000000000000B /* SymbolicHotkeys.swift */,
				BB0002000000000000000015 /* GestureEntry.swift */,
				BB0002000000000000000016 /* AppHotkey.swift */,
				BB0002000000000000000017 /* KeyCodeMap.swift */,
			);
			path = Models;
			sourceTree = "<group>";
		};
		BB0004000000000000000007 /* Views */ = {
			isa = PBXGroup;
			children = (
				BB000200000000000000000C /* SettingsWindow.swift */,
				BB000200000000000000000D /* ShortcutsSettingsView.swift */,
				BB000200000000000000000E /* AppsSettingsView.swift */,
				BB000200000000000000000F /* AppPickerSheet.swift */,
				BB0002000000000000000010 /* MouseSettingsView.swift */,
				BB0002000000000000000011 /* SystemSettingsView.swift */,
				BB0002000000000000000019 /* ShortcutRecorderView.swift */,
				BB000200000000000000001A /* HotkeysSettingsView.swift */,
				BB000200000000000000001B /* GeneralSettingsView.swift */,
				BB000200000000000000001C /* AboutView.swift */,
			);
			path = Views;
			sourceTree = "<group>";
		};
/* End PBXGroup section */

/* Begin PBXNativeTarget section */
		BB0005000000000000000001 /* GameMode */ = {
			isa = PBXNativeTarget;
			buildConfigurationList = BB0007000000000000000002 /* Build configuration list for PBXNativeTarget "GameMode" */;
			buildPhases = (
				BB0006000000000000000001 /* Sources */,
				BB0003000000000000000001 /* Frameworks */,
			);
			buildRules = (
			);
			dependencies = (
			);
			name = GameMode;
			packageProductDependencies = (
				BB000200000000000000001D /* Sparkle */,
			);
			productName = GameMode;
			productReference = BB0002000000000000000014 /* GameMode.app */;
			productType = "com.apple.product-type.application";
		};
/* End PBXNativeTarget section */

/* Begin PBXProject section */
		BB0008000000000000000001 /* Project object */ = {
			isa = PBXProject;
			attributes = {
				BuildIndependentTargetsInParallel = 1;
				LastSwiftUpdateCheck = 1540;
				LastUpgradeCheck = 2630;
			};
			buildConfigurationList = BB0007000000000000000001 /* Build configuration list for PBXProject "GameMode" */;
			compatibilityVersion = "Xcode 14.0";
			developmentRegion = en;
			hasScannedForEncodings = 0;
			knownRegions = (
				en,
				Base,
			);
			mainGroup = BB0004000000000000000001;
			packageReferences = (
				BB000A00000000000000001D /* XCRemoteSwiftPackageReference "Sparkle" */,
			);
			productRefGroup = BB0004000000000000000003 /* Products */;
			projectDirPath = "";
			projectRoot = "";
			targets = (
				BB0005000000000000000001 /* GameMode */,
			);
		};
/* End PBXProject section */

/* Begin PBXSourcesBuildPhase section */
		BB0006000000000000000001 /* Sources */ = {
			isa = PBXSourcesBuildPhase;
			buildActionMask = 2147483647;
			files = (
				BB0001000000000000000001 /* GameModeApp.swift in Sources */,
				BB0001000000000000000002 /* AppDelegate.swift in Sources */,
				BB0001000000000000000003 /* AppMonitor.swift in Sources */,
				BB0001000000000000000004 /* AppDetector.swift in Sources */,
				BB0001000000000000000005 /* SettingsManager.swift in Sources */,
				BB0001000000000000000006 /* ConfigStore.swift in Sources */,
				BB0001000000000000000007 /* StateJournal.swift in Sources */,
				BB0001000000000000000008 /* GameModeConfig.swift in Sources */,
				BB0001000000000000000009 /* MonitoredApp.swift in Sources */,
				BB000100000000000000000A /* ShortcutEntry.swift in Sources */,
				BB000100000000000000000B /* SymbolicHotkeys.swift in Sources */,
				BB000100000000000000000C /* SettingsWindow.swift in Sources */,
				BB000100000000000000000D /* ShortcutsSettingsView.swift in Sources */,
				BB000100000000000000000E /* AppsSettingsView.swift in Sources */,
				BB000100000000000000000F /* AppPickerSheet.swift in Sources */,
				BB0001000000000000000010 /* MouseSettingsView.swift in Sources */,
				BB0001000000000000000011 /* SystemSettingsView.swift in Sources */,
				BB0001000000000000000015 /* GestureEntry.swift in Sources */,
				BB0001000000000000000016 /* AppHotkey.swift in Sources */,
				BB0001000000000000000017 /* KeyCodeMap.swift in Sources */,
				BB0001000000000000000018 /* HotkeyManager.swift in Sources */,
				BB0001000000000000000019 /* ShortcutRecorderView.swift in Sources */,
				BB000100000000000000001A /* HotkeysSettingsView.swift in Sources */,
				BB000100000000000000001B /* GeneralSettingsView.swift in Sources */,
				BB000100000000000000001C /* AboutView.swift in Sources */,
			);
			runOnlyForDeploymentPostprocessing = 0;
		};
/* End PBXSourcesBuildPhase section */

/* Begin XCBuildConfiguration section */
		BB0009000000000000000001 /* Debug */ = {
			isa = XCBuildConfiguration;
			buildSettings = {
				ALWAYS_SEARCH_USER_PATHS = NO;
				CLANG_ANALYZER_NONNULL = YES;
				CLANG_CXX_LANGUAGE_STANDARD = "gnu++20";
				CLANG_ENABLE_MODULES = YES;
				CLANG_ENABLE_OBJC_ARC = YES;
				CLANG_WARN_BLOCK_CAPTURE_AUTORELEASING = YES;
				CLANG_WARN_BOOL_CONVERSION = YES;
				CLANG_WARN_COMMA = YES;
				CLANG_WARN_CONSTANT_CONVERSION = YES;
				CLANG_WARN_DEPRECATED_OBJC_IMPLEMENTATIONS = YES;
				CLANG_WARN_EMPTY_BODY = YES;
				CLANG_WARN_ENUM_CONVERSION = YES;
				CLANG_WARN_INFINITE_RECURSION = YES;
				CLANG_WARN_INT_CONVERSION = YES;
				CLANG_WARN_NON_LITERAL_NULL_CONVERSION = YES;
				CLANG_WARN_OBJC_IMPLICIT_RETAIN_SELF = YES;
				CLANG_WARN_OBJC_LITERAL_CONVERSION = YES;
				CLANG_WARN_QUOTED_INCLUDE_IN_FRAMEWORK_HEADER = YES;
				CLANG_WARN_RANGE_LOOP_ANALYSIS = YES;
				CLANG_WARN_STRICT_PROTOTYPES = YES;
				CLANG_WARN_SUSPICIOUS_MOVE = YES;
				CLANG_WARN_UNREACHABLE_CODE = YES;
				CLANG_WARN__DUPLICATE_METHOD_MATCH = YES;
				COPY_PHASE_STRIP = NO;
				DEAD_CODE_STRIPPING = YES;
				DEBUG_INFORMATION_FORMAT = dwarf;
				ENABLE_STRICT_OBJC_MSGSEND = YES;
				ENABLE_TESTABILITY = YES;
				ENABLE_USER_SCRIPT_SANDBOXING = YES;
				GCC_DYNAMIC_NO_PIC = NO;
				GCC_NO_COMMON_BLOCKS = YES;
				GCC_OPTIMIZATION_LEVEL = 0;
				GCC_PREPROCESSOR_DEFINITIONS = (
					"DEBUG=1",
					"$(inherited)",
				);
				GCC_WARN_64_TO_32_BIT_CONVERSION = YES;
				GCC_WARN_ABOUT_RETURN_TYPE = YES_ERROR;
				GCC_WARN_UNDECLARED_SELECTOR = YES;
				GCC_WARN_UNINITIALIZED_AUTOS = YES_AGGRESSIVE;
				GCC_WARN_UNUSED_FUNCTION = YES;
				GCC_WARN_UNUSED_VARIABLE = YES;
				MACOSX_DEPLOYMENT_TARGET = 14.0;
				MTL_ENABLE_DEBUG_INFO = INCLUDE_SOURCE;
				ONLY_ACTIVE_ARCH = YES;
				SDKROOT = macosx;
				STRING_CATALOG_GENERATE_SYMBOLS = YES;
				SWIFT_ACTIVE_COMPILATION_CONDITIONS = DEBUG;
				SWIFT_OPTIMIZATION_LEVEL = "-Onone";
				SWIFT_VERSION = 5.0;
			};
			name = Debug;
		};
		BB0009000000000000000002 /* Release */ = {
			isa = XCBuildConfiguration;
			buildSettings = {
				ALWAYS_SEARCH_USER_PATHS = NO;
				CLANG_ANALYZER_NONNULL = YES;
				CLANG_CXX_LANGUAGE_STANDARD = "gnu++20";
				CLANG_ENABLE_MODULES = YES;
				CLANG_ENABLE_OBJC_ARC = YES;
				CLANG_WARN_BLOCK_CAPTURE_AUTORELEASING = YES;
				CLANG_WARN_BOOL_CONVERSION = YES;
				CLANG_WARN_COMMA = YES;
				CLANG_WARN_CONSTANT_CONVERSION = YES;
				CLANG_WARN_DEPRECATED_OBJC_IMPLEMENTATIONS = YES;
				CLANG_WARN_EMPTY_BODY = YES;
				CLANG_WARN_ENUM_CONVERSION = YES;
				CLANG_WARN_INFINITE_RECURSION = YES;
				CLANG_WARN_INT_CONVERSION = YES;
				CLANG_WARN_NON_LITERAL_NULL_CONVERSION = YES;
				CLANG_WARN_OBJC_IMPLICIT_RETAIN_SELF = YES;
				CLANG_WARN_OBJC_LITERAL_CONVERSION = YES;
				CLANG_WARN_QUOTED_INCLUDE_IN_FRAMEWORK_HEADER = YES;
				CLANG_WARN_RANGE_LOOP_ANALYSIS = YES;
				CLANG_WARN_STRICT_PROTOTYPES = YES;
				CLANG_WARN_SUSPICIOUS_MOVE = YES;
				CLANG_WARN_UNREACHABLE_CODE = YES;
				CLANG_WARN__DUPLICATE_METHOD_MATCH = YES;
				COPY_PHASE_STRIP = NO;
				DEAD_CODE_STRIPPING = YES;
				DEBUG_INFORMATION_FORMAT = "dwarf-with-dsym";
				ENABLE_NS_ASSERTIONS = NO;
				ENABLE_STRICT_OBJC_MSGSEND = YES;
				ENABLE_USER_SCRIPT_SANDBOXING = YES;
				GCC_NO_COMMON_BLOCKS = YES;
				GCC_WARN_64_TO_32_BIT_CONVERSION = YES;
				GCC_WARN_ABOUT_RETURN_TYPE = YES_ERROR;
				GCC_WARN_UNDECLARED_SELECTOR = YES;
				GCC_WARN_UNINITIALIZED_AUTOS = YES_AGGRESSIVE;
				GCC_WARN_UNUSED_FUNCTION = YES;
				GCC_WARN_UNUSED_VARIABLE = YES;
				MACOSX_DEPLOYMENT_TARGET = 14.0;
				MTL_ENABLE_DEBUG_INFO = NO;
				SDKROOT = macosx;
				STRING_CATALOG_GENERATE_SYMBOLS = YES;
				SWIFT_COMPILATION_MODE = wholemodule;
				SWIFT_OPTIMIZATION_LEVEL = "-O";
				SWIFT_VERSION = 5.0;
			};
			name = Release;
		};
		BB0009000000000000000003 /* Debug */ = {
			isa = XCBuildConfiguration;
			buildSettings = {
				CODE_SIGN_ENTITLEMENTS = GameMode/GameMode.entitlements;
				CODE_SIGN_STYLE = Automatic;
				COMBINE_HIDPI_IMAGES = YES;
				CURRENT_PROJECT_VERSION = 1;
				DEAD_CODE_STRIPPING = YES;
				DEVELOPMENT_TEAM = VJPQWNYP29;
				ENABLE_APP_SANDBOX = NO;
				ENABLE_HARDENED_RUNTIME = NO;
				GENERATE_INFOPLIST_FILE = NO;
				INFOPLIST_FILE = GameMode/Info.plist;
				LD_RUNPATH_SEARCH_PATHS = (
					"$(inherited)",
					"@executable_path/../Frameworks",
				);
				MARKETING_VERSION = 0.1.0;
				PRODUCT_BUNDLE_IDENTIFIER = com.moshyn.nikita.GameMode;
				PRODUCT_NAME = "$(TARGET_NAME)";
				SWIFT_EMIT_LOC_STRINGS = YES;
				SWIFT_VERSION = 5.0;
			};
			name = Debug;
		};
		BB0009000000000000000004 /* Release */ = {
			isa = XCBuildConfiguration;
			buildSettings = {
				CODE_SIGN_ENTITLEMENTS = GameMode/GameMode.entitlements;
				CODE_SIGN_STYLE = Automatic;
				COMBINE_HIDPI_IMAGES = YES;
				CURRENT_PROJECT_VERSION = 1;
				DEAD_CODE_STRIPPING = YES;
				DEVELOPMENT_TEAM = VJPQWNYP29;
				ENABLE_APP_SANDBOX = NO;
				ENABLE_HARDENED_RUNTIME = NO;
				GENERATE_INFOPLIST_FILE = NO;
				INFOPLIST_FILE = GameMode/Info.plist;
				LD_RUNPATH_SEARCH_PATHS = (
					"$(inherited)",
					"@executable_path/../Frameworks",
				);
				MARKETING_VERSION = 0.1.0;
				PRODUCT_BUNDLE_IDENTIFIER = com.moshyn.nikita.GameMode;
				PRODUCT_NAME = "$(TARGET_NAME)";
				SWIFT_EMIT_LOC_STRINGS = YES;
				SWIFT_VERSION = 5.0;
			};
			name = Release;
		};
/* End XCBuildConfiguration section */

/* Begin XCConfigurationList section */
		BB0007000000000000000001 /* Build configuration list for PBXProject "GameMode" */ = {
			isa = XCConfigurationList;
			buildConfigurations = (
				BB0009000000000000000001 /* Debug */,
				BB0009000000000000000002 /* Release */,
			);
			defaultConfigurationIsVisible = 0;
			defaultConfigurationName = Release;
		};
		BB0007000000000000000002 /* Build configuration list for PBXNativeTarget "GameMode" */ = {
			isa = XCConfigurationList;
			buildConfigurations = (
				BB0009000000000000000003 /* Debug */,
				BB0009000000000000000004 /* Release */,
			);
			defaultConfigurationIsVisible = 0;
			defaultConfigurationName = Release;
		};
/* End XCConfigurationList section */

/* Begin XCRemoteSwiftPackageReference section */
		BB000A00000000000000001D /* XCRemoteSwiftPackageReference "Sparkle" */ = {
			isa = XCRemoteSwiftPackageReference;
			repositoryURL = "https://github.com/sparkle-project/Sparkle";
			requirement = {
				kind = upToNextMajorVersion;
				minimumVersion = 2.6.4;
			};
		};
/* End XCRemoteSwiftPackageReference section */

/* Begin XCSwiftPackageProductDependency section */
		BB000200000000000000001D /* Sparkle */ = {
			isa = XCSwiftPackageProductDependency;
			package = BB000A00000000000000001D /* XCRemoteSwiftPackageReference "Sparkle" */;
			productName = Sparkle;
		};
/* End XCSwiftPackageProductDependency section */
	};
	rootObject = BB0008000000000000000001 /* Project object */;
}
